Microsoft Visual Studio Solution File, Format Version 12.00
# Visual Studio Version 17
VisualStudioVersion = 17.5.2.0
MinimumVisualStudioVersion = 10.0.40219.1
Project("{FAE04EC0-301F-11D3-BF4B-00C04F79EFBC}") = "OpenKNX.IoT", "OpenKNX.IoT.csproj", "{B25AA6E3-9620-3E22-DC66-6F0F3B8B541F}"
EndProject
Global
	GlobalSection(SolutionConfigurationPlatforms) = preSolution
		Debug|Any CPU = Debug|Any CPU
		Release|Any CPU = Release|Any CPU
	EndGlobalSection
	GlobalSection(ProjectConfigurationPlatforms) = postSolution
		{B25AA6E3-9620-3E22-DC66-6F0F3B8B541F}.Debug|Any CPU.ActiveCfg = Debug|Any CPU
		{B25AA6E3-9620-3E22-DC66-6F0F3B8B541F}.Debug|Any CPU.Build.0 = Debug|Any CPU
		{B25AA6E3-9620-3E22-DC66-6F0F3B8B541F}.Release|Any CPU.ActiveCfg = Release|Any CPU
		{B25AA6E3-9620-3E22-DC66-6F0F3B8B541F}.Release|Any CPU.Build.0 = Release|Any CPU
	EndGlobalSection
	GlobalSection(SolutionProperties) = preSolution
		HideSolutionNode = FALSE
	EndGlobalSection
	GlobalSection(ExtensibilityGlobals) = postSolution
		SolutionGuid = {75440B30-8952-4CA5-A61E-D7B136392BC8}
	EndGlobalSection
EndGlobal
